
Microsoft Visual Studio Solution File, Format Version 12.00
# Visual Studio Version 17
VisualStudioVersion = 17.7.34024.191
MinimumVisualStudioVersion = 10.0.40219.1
Project("{FAE04EC0-301F-11D3-BF4B-00C04F79EFBC}") = "TCKimlik", "TCKimlik\TCKimlik.csproj", "{5F975C89-B8B2-40F5-A6EE-684B7D271D24}"
EndProject
Global
	GlobalSection(SolutionConfigurationPlatforms) = preSolution
		Debug|Any CPU = Debug|Any CPU
		Release|Any CPU = Release|Any CPU
	EndGlobalSection
	GlobalSection(ProjectConfigurationPlatforms) = postSolution
		{5F975C89-B8B2-40F5-A6EE-684B7D271D24}.Debug|Any CPU.ActiveCfg = Debug|Any CPU
		{5F975C89-B8B2-40F5-A6EE-684B7D271D24}.Debug|Any CPU.Build.0 = Debug|Any CPU
		{5F975C89-B8B2-40F5-A6EE-684B7D271D24}.Release|Any CPU.ActiveCfg = Release|Any CPU
		{5F975C89-B8B2-40F5-A6EE-684B7D271D24}.Release|Any CPU.Build.0 = Release|Any CPU
	EndGlobalSection
	GlobalSection(SolutionProperties) = preSolution
		HideSolutionNode = FALSE
	EndGlobalSection
	GlobalSection(ExtensibilityGlobals) = postSolution
		SolutionGuid = {A29D40D1-4F06-4AC3-B349-1325F037D8FA}
	EndGlobalSection
EndGlobal
